
Microsoft Visual Studio Solution File, Format Version 12.00
# Visual Studio Version 17
VisualStudioVersion = 17.0.31903.59
MinimumVisualStudioVersion = 10.0.40219.1
Project("{9A19103F-16F7-4668-BE54-9A1E7A4F7556}") = "MvvmToolkit.Core", "MvvmToolkit.Core\MvvmToolkit.Core.csproj", "{C17F83B7-7455-4FA1-88FA-2753FFAB40D5}"
EndProject
Project("{2150E333-8FDC-42A3-9474-1A3956D46DE8}") = "src", "src", "{6EAD735C-1C6B-4B65-AE5C-C51EE95A9939}"
EndProject
Project("{2150E333-8FDC-42A3-9474-1A3956D46DE8}") = "test", "test", "{C4AA8723-E305-4DB6-85DF-35198B36D245}"
EndProject
Project("{9A19103F-16F7-4668-BE54-9A1E7A4F7556}") = "GeneratorTest", "GeneratorTest\GeneratorTest.csproj", "{7E23FA39-8877-41CC-B4F9-80855751513A}"
EndProject
Project("{FAE04EC0-301F-11D3-BF4B-00C04F79EFBC}") = "WpfCore.Test", "WpfCore.Test\WpfCore.Test.csproj", "{60B3D4C3-78E5-4643-9720-3244FB42F3DE}"
EndProject
Global
	GlobalSection(SolutionConfigurationPlatforms) = preSolution
		Debug|Any CPU = Debug|Any CPU
		Release|Any CPU = Release|Any CPU
	EndGlobalSection
	GlobalSection(ProjectConfigurationPlatforms) = postSolution
		{C17F83B7-7455-4FA1-88FA-2753FFAB40D5}.Debug|Any CPU.ActiveCfg = Debug|Any CPU
		{C17F83B7-7455-4FA1-88FA-2753FFAB40D5}.Debug|Any CPU.Build.0 = Debug|Any CPU
		{C17F83B7-7455-4FA1-88FA-2753FFAB40D5}.Release|Any CPU.ActiveCfg = Release|Any CPU
		{C17F83B7-7455-4FA1-88FA-2753FFAB40D5}.Release|Any CPU.Build.0 = Release|Any CPU
		{7E23FA39-8877-41CC-B4F9-80855751513A}.Debug|Any CPU.ActiveCfg = Debug|Any CPU
		{7E23FA39-8877-41CC-B4F9-80855751513A}.Debug|Any CPU.Build.0 = Debug|Any CPU
		{7E23FA39-8877-41CC-B4F9-80855751513A}.Release|Any CPU.ActiveCfg = Release|Any CPU
		{7E23FA39-8877-41CC-B4F9-80855751513A}.Release|Any CPU.Build.0 = Release|Any CPU
		{60B3D4C3-78E5-4643-9720-3244FB42F3DE}.Debug|Any CPU.ActiveCfg = Debug|Any CPU
		{60B3D4C3-78E5-4643-9720-3244FB42F3DE}.Debug|Any CPU.Build.0 = Debug|Any CPU
		{60B3D4C3-78E5-4643-9720-3244FB42F3DE}.Release|Any CPU.ActiveCfg = Release|Any CPU
		{60B3D4C3-78E5-4643-9720-3244FB42F3DE}.Release|Any CPU.Build.0 = Release|Any CPU
	EndGlobalSection
	GlobalSection(SolutionProperties) = preSolution
		HideSolutionNode = FALSE
	EndGlobalSection
	GlobalSection(NestedProjects) = preSolution
		{C17F83B7-7455-4FA1-88FA-2753FFAB40D5} = {6EAD735C-1C6B-4B65-AE5C-C51EE95A9939}
		{7E23FA39-8877-41CC-B4F9-80855751513A} = {C4AA8723-E305-4DB6-85DF-35198B36D245}
		{60B3D4C3-78E5-4643-9720-3244FB42F3DE} = {C4AA8723-E305-4DB6-85DF-35198B36D245}
	EndGlobalSection
	GlobalSection(ExtensibilityGlobals) = postSolution
		SolutionGuid = {732EBBA2-DCCF-4107-9A27-7E2245C250D0}
	EndGlobalSection
EndGlobal
